
Microsoft Visual Studio Solution File, Format Version 11.00
# Visual Studio 2010
Project("{00000000-0000-0000-0000-000000000000}") = "DnnTest", "DnnTest.csproj", "{726B6A96-EB92-40FE-BD34-7F8815D755A9}"
EndProject
Global
	GlobalSection(SolutionConfigurationPlatforms) = preSolution
		Debug|Any CPU = Debug|Any CPU
		Release|Any CPU = Release|Any CPU
	EndGlobalSection
	GlobalSection(ProjectConfigurationPlatforms) = postSolution
		{726B6A96-EB92-40FE-BD34-7F8815D755A9}.Debug|Any CPU.ActiveCfg = Debug|Any CPU
		{726B6A96-EB92-40FE-BD34-7F8815D755A9}.Debug|Any CPU.Build.0 = Debug|Any CPU
		{726B6A96-EB92-40FE-BD34-7F8815D755A9}.Release|Any CPU.ActiveCfg = Release|Any CPU
		{726B6A96-EB92-40FE-BD34-7F8815D755A9}.Release|Any CPU.Build.0 = Release|Any CPU
	EndGlobalSection
	GlobalSection(SolutionProperties) = preSolution
		HideSolutionNode = FALSE
	EndGlobalSection
EndGlobal
