
Microsoft Visual Studio Solution File, Format Version 10.00
# Visual Studio 2008
Project("{F184B08F-C81C-45F6-A57F-5ABD9991F28F}") = "bhattji.SalesPersons", "bhattji.SalesPersons.vbproj", "{DFF88FD6-C58A-4456-8E05-15D49ACCA539}"
EndProject
Global
	GlobalSection(SolutionConfigurationPlatforms) = preSolution
		Debug|Any CPU = Debug|Any CPU
		Release|Any CPU = Release|Any CPU
	EndGlobalSection
	GlobalSection(ProjectConfigurationPlatforms) = postSolution
		{DFF88FD6-C58A-4456-8E05-15D49ACCA539}.Debug|Any CPU.ActiveCfg = Debug|Any CPU
		{DFF88FD6-C58A-4456-8E05-15D49ACCA539}.Debug|Any CPU.Build.0 = Debug|Any CPU
		{DFF88FD6-C58A-4456-8E05-15D49ACCA539}.Release|Any CPU.ActiveCfg = Release|Any CPU
		{DFF88FD6-C58A-4456-8E05-15D49ACCA539}.Release|Any CPU.Build.0 = Release|Any CPU
	EndGlobalSection
	GlobalSection(SolutionProperties) = preSolution
		HideSolutionNode = FALSE
	EndGlobalSection
EndGlobal
