
Microsoft Visual Studio Solution File, Format Version 10.00
# Visual Studio 2008
Project("{00000000-0000-0000-0000-000000000000}") = "bhattji.Modules.SalesReps", "bhattji.Modules.SalesReps.csproj", "{2DAB69CD-9299-4AE2-8C01-CAA2006975FC}"
EndProject
Global
	GlobalSection(SolutionConfigurationPlatforms) = preSolution
		Debug|Any CPU = Debug|Any CPU
		Release|Any CPU = Release|Any CPU
	EndGlobalSection
	GlobalSection(ProjectConfigurationPlatforms) = postSolution
		{2DAB69CD-9299-4AE2-8C01-CAA2006975FC}.Debug|Any CPU.ActiveCfg = Debug|Any CPU
		{2DAB69CD-9299-4AE2-8C01-CAA2006975FC}.Debug|Any CPU.Build.0 = Debug|Any CPU
		{2DAB69CD-9299-4AE2-8C01-CAA2006975FC}.Release|Any CPU.ActiveCfg = Release|Any CPU
		{2DAB69CD-9299-4AE2-8C01-CAA2006975FC}.Release|Any CPU.Build.0 = Release|Any CPU
	EndGlobalSection
	GlobalSection(SolutionProperties) = preSolution
		HideSolutionNode = FALSE
	EndGlobalSection
EndGlobal
