
Microsoft Visual Studio Solution File, Format Version 11.00
# Visual Studio 2010
Project("{FAE04EC0-301F-11D3-BF4B-00C04F79EFBC}") = "MyServices", "MyServices.csproj", "{7F7A07A9-CA96-4DE9-A98D-D5F96360AB19}"
EndProject
Global
	GlobalSection(SolutionConfigurationPlatforms) = preSolution
		Debug|Any CPU = Debug|Any CPU
		Release|Any CPU = Release|Any CPU
	EndGlobalSection
	GlobalSection(ProjectConfigurationPlatforms) = postSolution
		{7F7A07A9-CA96-4DE9-A98D-D5F96360AB19}.Debug|Any CPU.ActiveCfg = Debug|Any CPU
		{7F7A07A9-CA96-4DE9-A98D-D5F96360AB19}.Debug|Any CPU.Build.0 = Debug|Any CPU
		{7F7A07A9-CA96-4DE9-A98D-D5F96360AB19}.Release|Any CPU.ActiveCfg = Release|Any CPU
		{7F7A07A9-CA96-4DE9-A98D-D5F96360AB19}.Release|Any CPU.Build.0 = Release|Any CPU
	EndGlobalSection
	GlobalSection(SolutionProperties) = preSolution
		HideSolutionNode = FALSE
	EndGlobalSection
EndGlobal
