
Microsoft Visual Studio Solution File, Format Version 11.00
# Visual Studio 2010
Project("{00000000-0000-0000-0000-000000000000}") = "DnnTest", "DnnTest.csproj", "{97E3A54E-6A7B-4E00-9FF4-31CB8DE52894}"
EndProject
Global
	GlobalSection(SolutionConfigurationPlatforms) = preSolution
		Debug|Any CPU = Debug|Any CPU
		Release|Any CPU = Release|Any CPU
	EndGlobalSection
	GlobalSection(ProjectConfigurationPlatforms) = postSolution
		{97E3A54E-6A7B-4E00-9FF4-31CB8DE52894}.Debug|Any CPU.ActiveCfg = Debug|Any CPU
		{97E3A54E-6A7B-4E00-9FF4-31CB8DE52894}.Debug|Any CPU.Build.0 = Debug|Any CPU
		{97E3A54E-6A7B-4E00-9FF4-31CB8DE52894}.Release|Any CPU.ActiveCfg = Release|Any CPU
		{97E3A54E-6A7B-4E00-9FF4-31CB8DE52894}.Release|Any CPU.Build.0 = Release|Any CPU
	EndGlobalSection
	GlobalSection(SolutionProperties) = preSolution
		HideSolutionNode = FALSE
	EndGlobalSection
EndGlobal
